// !$*UTF8*$!
{
	archiveVersion = 1;
	classes = {
	};
	objectVersion = 56;
	objects = {

/* Begin PBXBuildFile section */
		FCB7004D294DF21300A7ECCE /* AppDelegate.swift in Sources */ = {isa = PBXBuildFile; fileRef = FCB7004C294DF21300A7ECCE /* AppDelegate.swift */; };
		FCB7004F294DF21300A7ECCE /* SceneDelegate.swift in Sources */ = {isa = PBXBuildFile; fileRef = FCB7004E294DF21300A7ECCE /* SceneDelegate.swift */; };
		FCB70051294DF21300A7ECCE /* BienvenidaViewController.swift in Sources */ = {isa = PBXBuildFile; fileRef = FCB70050294DF21300A7ECCE /* BienvenidaViewController.swift */; };
		FCB70054294DF21300A7ECCE /* Main.storyboard in Resources */ = {isa = PBXBuildFile; fileRef = FCB70052294DF21300A7ECCE /* Main.storyboard */; };
		FCB70056294DF21600A7ECCE /* Assets.xcassets in Resources */ = {isa = PBXBuildFile; fileRef = FCB70055294DF21600A7ECCE /* Assets.xcassets */; };
		FCB70059294DF21600A7ECCE /* LaunchScreen.storyboard in Resources */ = {isa = PBXBuildFile; fileRef = FCB70057294DF21600A7ECCE /* LaunchScreen.storyboard */; };
		FCB70061294DF3AF00A7ECCE /* EstudianteViewController.swift in Sources */ = {isa = PBXBuildFile; fileRef = FCB70060294DF3AF00A7ECCE /* EstudianteViewController.swift */; };
		FCB70063294DF3DF00A7ECCE /* ProfesorViewController.swift in Sources */ = {isa = PBXBuildFile; fileRef = FCB70062294DF3DF00A7ECCE /* ProfesorViewController.swift */; };
/* End PBXBuildFile section */

/* Begin PBXFileReference section */
		FCB70049294DF21300A7ECCE /* ejercicio1Clase7.app */ = {isa = PBXFileReference; explicitFileType = wrapper.application; includeInIndex = 0; path = ejercicio1Clase7.app; sourceTree = BUILT_PRODUCTS_DIR; };
		FCB7004C294DF21300A7ECCE /* AppDelegate.swift */ = {isa = PBXFileReference; lastKnownFileType = sourcecode.swift; path = AppDelegate.swift; sourceTree = "<group>"; };
		FCB7004E294DF21300A7ECCE /* SceneDelegate.swift */ = {isa = PBXFileReference; lastKnownFileType = sourcecode.swift; path = SceneDelegate.swift; sourceTree = "<group>"; };
		FCB70050294DF21300A7ECCE /* BienvenidaViewController.swift */ = {isa = PBXFileReference; lastKnownFileType = sourcecode.swift; path = BienvenidaViewController.swift; sourceTree = "<group>"; };
		FCB70053294DF21300A7ECCE /* Base */ = {isa = PBXFileReference; lastKnownFileType = file.storyboard; name = Base; path = Base.lproj/Main.storyboard; sourceTree = "<group>"; };
		FCB70055294DF21600A7ECCE /* Assets.xcassets */ = {isa = PBXFileReference; lastKnownFileType = folder.assetcatalog; path = Assets.xcassets; sourceTree = "<group>"; };
		FCB70058294DF21600A7ECCE /* Base */ = {isa = PBXFileReference; lastKnownFileType = file.storyboard; name = Base; path = Base.lproj/LaunchScreen.storyboard; sourceTree = "<group>"; };
		FCB7005A294DF21600A7ECCE /* Info.plist */ = {isa = PBXFileReference; lastKnownFileType = text.plist.xml; path = Info.plist; sourceTree = "<group>"; };
		FCB70060294DF3AF00A7ECCE /* EstudianteViewController.swift */ = {isa = PBXFileReference; lastKnownFileType = sourcecode.swift; path = EstudianteViewController.swift; sourceTree = "<group>"; };
		FCB70062294DF3DF00A7ECCE /* ProfesorViewController.swift */ = {isa = PBXFileReference; lastKnownFileType = sourcecode.swift; path = ProfesorViewController.swift; sourceTree = "<group>"; };
/* End PBXFileReference section */

/* Begin PBXFrameworksBuildPhase section */
		FCB70046294DF21300A7ECCE /* Frameworks */ = {
			isa = PBXFrameworksBuildPhase;
			buildActionMask = 2147483647;
			files = (
			);
			runOnlyForDeploymentPostprocessing = 0;
		};
/* End PBXFrameworksBuildPhase section */

/* Begin PBXGroup section */
		FCB70040294DF21300A7ECCE = {
			isa = PBXGroup;
			children = (
				FCB7004B294DF21300A7ECCE /* ejercicio1Clase7 */,
				FCB7004A294DF21300A7ECCE /* Products */,
			);
			sourceTree = "<group>";
		};
		FCB7004A294DF21300A7ECCE /* Products */ = {
			isa = PBXGroup;
			children = (
				FCB70049294DF21300A7ECCE /* ejercicio1Clase7.app */,
			);
			name = Products;
			sourceTree = "<group>";
		};
		FCB7004B294DF21300A7ECCE /* ejercicio1Clase7 */ = {
			isa = PBXGroup;
			children = (
				FCB7004C294DF21300A7ECCE /* AppDelegate.swift */,
				FCB7004E294DF21300A7ECCE /* SceneDelegate.swift */,
				FCB70050294DF21300A7ECCE /* BienvenidaViewController.swift */,
				FCB70060294DF3AF00A7ECCE /* EstudianteViewController.swift */,
				FCB70062294DF3DF00A7ECCE /* ProfesorViewController.swift */,
				FCB70052294DF21300A7ECCE /* Main.storyboard */,
				FCB70055294DF21600A7ECCE /* Assets.xcassets */,
				FCB70057294DF21600A7ECCE /* LaunchScreen.storyboard */,
				FCB7005A294DF21600A7ECCE /* Info.plist */,
			);
			path = ejercicio1Clase7;
			sourceTree = "<group>";
		};
/* End PBXGroup section */

/* Begin PBXNativeTarget section */
		FCB70048294DF21300A7ECCE /* ejercicio1Clase7 */ = {
			isa = PBXNativeTarget;
			buildConfigurationList = FCB7005D294DF21600A7ECCE /* Build configuration list for PBXNativeTarget "ejercicio1Clase7" */;
			buildPhases = (
				FCB70045294DF21300A7ECCE /* Sources */,
				FCB70046294DF21300A7ECCE /* Frameworks */,
				FCB70047294DF21300A7ECCE /* Resources */,
			);
			buildRules = (
			);
			dependencies = (
			);
			name = ejercicio1Clase7;
			productName = ejercicio1Clase7;
			productReference = FCB70049294DF21300A7ECCE /* ejercicio1Clase7.app */;
			productType = "com.apple.product-type.application";
		};
/* End PBXNativeTarget section */

/* Begin PBXProject section */
		FCB70041294DF21300A7ECCE /* Project object */ = {
			isa = PBXProject;
			attributes = {
				BuildIndependentTargetsInParallel = 1;
				LastSwiftUpdateCheck = 1410;
				LastUpgradeCheck = 1410;
				TargetAttributes = {
					FCB70048294DF21300A7ECCE = {
						CreatedOnToolsVersion = 14.1;
					};
				};
			};
			buildConfigurationList = FCB70044294DF21300A7ECCE /* Build configuration list for PBXProject "ejercicio1Clase7" */;
			compatibilityVersion = "Xcode 14.0";
			developmentRegion = en;
			hasScannedForEncodings = 0;
			knownRegions = (
				en,
				Base,
			);
			mainGroup = FCB70040294DF21300A7ECCE;
			productRefGroup = FCB7004A294DF21300A7ECCE /* Products */;
			projectDirPath = "";
			projectRoot = "";
			targets = (
				FCB70048294DF21300A7ECCE /* ejercicio1Clase7 */,
			);
		};
/* End PBXProject section */

/* Begin PBXResourcesBuildPhase section */
		FCB70047294DF21300A7ECCE /* Resources */ = {
			isa = PBXResourcesBuildPhase;
			buildActionMask = 2147483647;
			files = (
				FCB70059294DF21600A7ECCE /* LaunchScreen.storyboard in Resources */,
				FCB70056294DF21600A7ECCE /* Assets.xcassets in Resources */,
				FCB70054294DF21300A7ECCE /* Main.storyboard in Resources */,
			);
			runOnlyForDeploymentPostprocessing = 0;
		};
/* End PBXResourcesBuildPhase section */

/* Begin PBXSourcesBuildPhase section */
		FCB70045294DF21300A7ECCE /* Sources */ = {
			isa = PBXSourcesBuildPhase;
			buildActionMask = 2147483647;
			files = (
				FCB70063294DF3DF00A7ECCE /* ProfesorViewController.swift in Sources */,
				FCB70051294DF21300A7ECCE /* BienvenidaViewController.swift in Sources */,
				FCB7004D294DF21300A7ECCE /* AppDelegate.swift in Sources */,
				FCB70061294DF3AF00A7ECCE /* EstudianteViewController.swift in Sources */,
				FCB7004F294DF21300A7ECCE /* SceneDelegate.swift in Sources */,
			);
			runOnlyForDeploymentPostprocessing = 0;
		};
/* End PBXSourcesBuildPhase section */

/* Begin PBXVariantGroup section */
		FCB70052294DF21300A7ECCE /* Main.storyboard */ = {
			isa = PBXVariantGroup;
			children = (
				FCB70053294DF21300A7ECCE /* Base */,
			);
			name = Main.storyboard;
			sourceTree = "<group>";
		};
		FCB70057294DF21600A7ECCE /* LaunchScreen.storyboard */ = {
			isa = PBXVariantGroup;
			children = (
				FCB70058294DF21600A7ECCE /* Base */,
			);
			name = LaunchScreen.storyboard;
			sourceTree = "<group>";
		};
/* End PBXVariantGroup section */

/* Begin XCBuildConfiguration section */
		FCB7005B294DF21600A7ECCE /* Debug */ = {
			isa = XCBuildConfiguration;
			buildSettings = {
				ALWAYS_SEARCH_USER_PATHS = NO;
				CLANG_ANALYZER_NONNULL = YES;
				CLANG_ANALYZER_NUMBER_OBJECT_CONVERSION = YES_AGGRESSIVE;
				CLANG_CXX_LANGUAGE_STANDARD = "gnu++20";
				CLANG_ENABLE_MODULES = YES;
				CLANG_ENABLE_OBJC_ARC = YES;
				CLANG_ENABLE_OBJC_WEAK = YES;
				CLANG_WARN_BLOCK_CAPTURE_AUTORELEASING = YES;
				CLANG_WARN_BOOL_CONVERSION = YES;
				CLANG_WARN_COMMA = YES;
				CLANG_WARN_CONSTANT_CONVERSION = YES;
				CLANG_WARN_DEPRECATED_OBJC_IMPLEMENTATIONS = YES;
				CLANG_WARN_DIRECT_OBJC_ISA_USAGE = YES_ERROR;
				CLANG_WARN_DOCUMENTATION_COMMENTS = YES;
				CLANG_WARN_EMPTY_BODY = YES;
				CLANG_WARN_ENUM_CONVERSION = YES;
				CLANG_WARN_INFINITE_RECURSION = YES;
				CLANG_WARN_INT_CONVERSION = YES;
				CLANG_WARN_NON_LITERAL_NULL_CONVERSION = YES;
				CLANG_WARN_OBJC_IMPLICIT_RETAIN_SELF = YES;
				CLANG_WARN_OBJC_LITERAL_CONVERSION = YES;
				CLANG_WARN_OBJC_ROOT_CLASS = YES_ERROR;
				CLANG_WARN_QUOTED_INCLUDE_IN_FRAMEWORK_HEADER = YES;
				CLANG_WARN_RANGE_LOOP_ANALYSIS = YES;
				CLANG_WARN_STRICT_PROTOTYPES = YES;
				CLANG_WARN_SUSPICIOUS_MOVE = YES;
				CLANG_WARN_UNGUARDED_AVAILABILITY = YES_AGGRESSIVE;
				CLANG_WARN_UNREACHABLE_CODE = YES;
				CLANG_WARN__DUPLICATE_METHOD_MATCH = YES;
				COPY_PHASE_STRIP = NO;
				DEBUG_INFORMATION_FORMAT = dwarf;
				ENABLE_STRICT_OBJC_MSGSEND = YES;
				ENABLE_TESTABILITY = YES;
				GCC_C_LANGUAGE_STANDARD = gnu11;
				GCC_DYNAMIC_NO_PIC = NO;
				GCC_NO_COMMON_BLOCKS = YES;
				GCC_OPTIMIZATION_LEVEL = 0;
				GCC_PREPROCESSOR_DEFINITIONS = (
					"DEBUG=1",
					"$(inherited)",
				);
				GCC_WARN_64_TO_32_BIT_CONVERSION = YES;
				GCC_WARN_ABOUT_RETURN_TYPE = YES_ERROR;
				GCC_WARN_UNDECLARED_SELECTOR = YES;
				GCC_WARN_UNINITIALIZED_AUTOS = YES_AGGRESSIVE;
				GCC_WARN_UNUSED_FUNCTION = YES;
				GCC_WARN_UNUSED_VARIABLE = YES;
				IPHONEOS_DEPLOYMENT_TARGET = 16.1;
				MTL_ENABLE_DEBUG_INFO = INCLUDE_SOURCE;
				MTL_FAST_MATH = YES;
				ONLY_ACTIVE_ARCH = YES;
				SDKROOT = iphoneos;
				SWIFT_ACTIVE_COMPILATION_CONDITIONS = DEBUG;
				SWIFT_OPTIMIZATION_LEVEL = "-Onone";
			};
			name = Debug;
		};
		FCB7005C294DF21600A7ECCE /* Release */ = {
			isa = XCBuildConfiguration;
			buildSettings = {
				ALWAYS_SEARCH_USER_PATHS = NO;
				CLANG_ANALYZER_NONNULL = YES;
				CLANG_ANALYZER_NUMBER_OBJECT_CONVERSION = YES_AGGRESSIVE;
				CLANG_CXX_LANGUAGE_STANDARD = "gnu++20";
				CLANG_ENABLE_MODULES = YES;
				CLANG_ENABLE_OBJC_ARC = YES;
				CLANG_ENABLE_OBJC_WEAK = YES;
				CLANG_WARN_BLOCK_CAPTURE_AUTORELEASING = YES;
				CLANG_WARN_BOOL_CONVERSION = YES;
				CLANG_WARN_COMMA = YES;
				CLANG_WARN_CONSTANT_CONVERSION = YES;
				CLANG_WARN_DEPRECATED_OBJC_IMPLEMENTATIONS = YES;
				CLANG_WARN_DIRECT_OBJC_ISA_USAGE = YES_ERROR;
				CLANG_WARN_DOCUMENTATION_COMMENTS = YES;
				CLANG_WARN_EMPTY_BODY = YES;
				CLANG_WARN_ENUM_CONVERSION = YES;
				CLANG_WARN_INFINITE_RECURSION = YES;
				CLANG_WARN_INT_CONVERSION = YES;
				CLANG_WARN_NON_LITERAL_NULL_CONVERSION = YES;
				CLANG_WARN_OBJC_IMPLICIT_RETAIN_SELF = YES;
				CLANG_WARN_OBJC_LITERAL_CONVERSION = YES;
				CLANG_WARN_OBJC_ROOT_CLASS = YES_ERROR;
				CLANG_WARN_QUOTED_INCLUDE_IN_FRAMEWORK_HEADER = YES;
				CLANG_WARN_RANGE_LOOP_ANALYSIS = YES;
				CLANG_WARN_STRICT_PROTOTYPES = YES;
				CLANG_WARN_SUSPICIOUS_MOVE = YES;
				CLANG_WARN_UNGUARDED_AVAILABILITY = YES_AGGRESSIVE;
				CLANG_WARN_UNREACHABLE_CODE = YES;
				CLANG_WARN__DUPLICATE_METHOD_MATCH = YES;
				COPY_PHASE_STRIP = NO;
				DEBUG_INFORMATION_FORMAT = "dwarf-with-dsym";
				ENABLE_NS_ASSERTIONS = NO;
				ENABLE_STRICT_OBJC_MSGSEND = YES;
				GCC_C_LANGUAGE_STANDARD = gnu11;
				GCC_NO_COMMON_BLOCKS = YES;
				GCC_WARN_64_TO_32_BIT_CONVERSION = YES;
				GCC_WARN_ABOUT_RETURN_TYPE = YES_ERROR;
				GCC_WARN_UNDECLARED_SELECTOR = YES;
				GCC_WARN_UNINITIALIZED_AUTOS = YES_AGGRESSIVE;
				GCC_WARN_UNUSED_FUNCTION = YES;
				GCC_WARN_UNUSED_VARIABLE = YES;
				IPHONEOS_DEPLOYMENT_TARGET = 16.1;
				MTL_ENABLE_DEBUG_INFO = NO;
				MTL_FAST_MATH = YES;
				SDKROOT = iphoneos;
				SWIFT_COMPILATION_MODE = wholemodule;
				SWIFT_OPTIMIZATION_LEVEL = "-O";
				VALIDATE_PRODUCT = YES;
			};
			name = Release;
		};
		FCB7005E294DF21600A7ECCE /* Debug */ = {
			isa = XCBuildConfiguration;
			buildSettings = {
				ASSETCATALOG_COMPILER_APPICON_NAME = AppIcon;
				ASSETCATALOG_COMPILER_GLOBAL_ACCENT_COLOR_NAME = AccentColor;
				CODE_SIGN_STYLE = Automatic;
				CURRENT_PROJECT_VERSION = 1;
				DEVELOPMENT_TEAM = G8PSARF645;
				GENERATE_INFOPLIST_FILE = YES;
				INFOPLIST_FILE = ejercicio1Clase7/Info.plist;
				INFOPLIST_KEY_UIApplicationSupportsIndirectInputEvents = YES;
				INFOPLIST_KEY_UILaunchStoryboardName = LaunchScreen;
				INFOPLIST_KEY_UIMainStoryboardFile = Main;
				INFOPLIST_KEY_UISupportedInterfaceOrientations_iPad = "UIInterfaceOrientationPortrait UIInterfaceOrientationPortraitUpsideDown UIInterfaceOrientationLandscapeLeft UIInterfaceOrientationLandscapeRight";
				INFOPLIST_KEY_UISupportedInterfaceOrientations_iPhone = "UIInterfaceOrientationPortrait UIInterfaceOrientationLandscapeLeft UIInterfaceOrientationLandscapeRight";
				LD_RUNPATH_SEARCH_PATHS = (
					"$(inherited)",
					"@executable_path/Frameworks",
				);
				MARKETING_VERSION = 1.0;
				PRODUCT_BUNDLE_IDENTIFIER = com.ortiz.ejercicio1Clase7;
				PRODUCT_NAME = "$(TARGET_NAME)";
				SWIFT_EMIT_LOC_STRINGS = YES;
				SWIFT_VERSION = 5.0;
				TARGETED_DEVICE_FAMILY = "1,2";
			};
			name = Debug;
		};
		FCB7005F294DF21600A7ECCE /* Release */ = {
			isa = XCBuildConfiguration;
			buildSettings = {
				ASSETCATALOG_COMPILER_APPICON_NAME = AppIcon;
				ASSETCATALOG_COMPILER_GLOBAL_ACCENT_COLOR_NAME = AccentColor;
				CODE_SIGN_STYLE = Automatic;
				CURRENT_PROJECT_VERSION = 1;
				DEVELOPMENT_TEAM = G8PSARF645;
				GENERATE_INFOPLIST_FILE = YES;
				INFOPLIST_FILE = ejercicio1Clase7/Info.plist;
				INFOPLIST_KEY_UIApplicationSupportsIndirectInputEvents = YES;
				INFOPLIST_KEY_UILaunchStoryboardName = LaunchScreen;
				INFOPLIST_KEY_UIMainStoryboardFile = Main;
				INFOPLIST_KEY_UISupportedInterfaceOrientations_iPad = "UIInterfaceOrientationPortrait UIInterfaceOrientationPortraitUpsideDown UIInterfaceOrientationLandscapeLeft UIInterfaceOrientationLandscapeRight";
				INFOPLIST_KEY_UISupportedInterfaceOrientations_iPhone = "UIInterfaceOrientationPortrait UIInterfaceOrientationLandscapeLeft UIInterfaceOrientationLandscapeRight";
				LD_RUNPATH_SEARCH_PATHS = (
					"$(inherited)",
					"@executable_path/Frameworks",
				);
				MARKETING_VERSION = 1.0;
				PRODUCT_BUNDLE_IDENTIFIER = com.ortiz.ejercicio1Clase7;
				PRODUCT_NAME = "$(TARGET_NAME)";
				SWIFT_EMIT_LOC_STRINGS = YES;
				SWIFT_VERSION = 5.0;
				TARGETED_DEVICE_FAMILY = "1,2";
			};
			name = Release;
		};
/* End XCBuildConfiguration section */

/* Begin XCConfigurationList section */
		FCB70044294DF21300A7ECCE /* Build configuration list for PBXProject "ejercicio1Clase7" */ = {
			isa = XCConfigurationList;
			buildConfigurations = (
				FCB7005B294DF21600A7ECCE /* Debug */,
				FCB7005C294DF21600A7ECCE /* Release */,
			);
			defaultConfigurationIsVisible = 0;
			defaultConfigurationName = Release;
		};
		FCB7005D294DF21600A7ECCE /* Build configuration list for PBXNativeTarget "ejercicio1Clase7" */ = {
			isa = XCConfigurationList;
			buildConfigurations = (
				FCB7005E294DF21600A7ECCE /* Debug */,
				FCB7005F294DF21600A7ECCE /* Release */,
			);
			defaultConfigurationIsVisible = 0;
			defaultConfigurationName = Release;
		};
/* End XCConfigurationList section */
	};
	rootObject = FCB70041294DF21300A7ECCE /* Project object */;
}
